{
  "name": "claude-master-setup",
  "version": "0.1.2",
  "lockfileVersion": 3,
  "requires": true,
  "packages": {
    "": {
      "name": "claude-master-setup",
      "version": "0.1.2",
      "license": "MIT",
      "dependencies": {
        "claude-master-setup": "^0.1.2"
      },
      "bin": {
        "claude-master-setup": "bin/cli.js"
      },
      "engines": {
        "node": ">=18"
      }
    },
    "node_modules/claude-master-setup": {
      "version": "0.1.2",
      "resolved": "https://registry.npmjs.org/claude-master-setup/-/claude-master-setup-0.1.2.tgz",
      "integrity": "sha512-bWV1B3RC101m2KZx9RwN9Rt/7LR93Ob9k8M4TlHh/QELSFQ3OrannpKp+QSjrq4ncVm4eMpiF/XkZYdrRDzDfA==",
      "license": "MIT",
      "bin": {
        "claude-master-setup": "bin/cli.js"
      },
      "engines": {
        "node": ">=18"
      }
    }
  }
}
